
Microsoft Visual Studio Solution File, Format Version 12.00
# Visual Studio 15
Project("{FAE04EC0-301F-11D3-BF4B-00C04F79EFBC}") = "Assembly-CSharp", "Assembly-CSharp.csproj", "{EEA0FDD2-58E1-85B3-177B-52A76E6A33E3}"
EndProject
Project("{FAE04EC0-301F-11D3-BF4B-00C04F79EFBC}") = "Assembly-CSharp-Editor", "Assembly-CSharp-Editor.csproj", "{41728C6D-D4A3-9500-B199-5FBCE5F350D3}"
EndProject
Global
	GlobalSection(SolutionConfigurationPlatforms) = preSolution
		Debug|Any CPU = Debug|Any CPU
		Release|Any CPU = Release|Any CPU
	EndGlobalSection
	GlobalSection(ProjectConfigurationPlatforms) = postSolution
		{EEA0FDD2-58E1-85B3-177B-52A76E6A33E3}.Debug|Any CPU.ActiveCfg = Debug|Any CPU
		{EEA0FDD2-58E1-85B3-177B-52A76E6A33E3}.Debug|Any CPU.Build.0 = Debug|Any CPU
		{EEA0FDD2-58E1-85B3-177B-52A76E6A33E3}.Release|Any CPU.ActiveCfg = Release|Any CPU
		{EEA0FDD2-58E1-85B3-177B-52A76E6A33E3}.Release|Any CPU.Build.0 = Release|Any CPU
		{41728C6D-D4A3-9500-B199-5FBCE5F350D3}.Debug|Any CPU.ActiveCfg = Debug|Any CPU
		{41728C6D-D4A3-9500-B199-5FBCE5F350D3}.Debug|Any CPU.Build.0 = Debug|Any CPU
		{41728C6D-D4A3-9500-B199-5FBCE5F350D3}.Release|Any CPU.ActiveCfg = Release|Any CPU
		{41728C6D-D4A3-9500-B199-5FBCE5F350D3}.Release|Any CPU.Build.0 = Release|Any CPU
	EndGlobalSection
	GlobalSection(SolutionProperties) = preSolution
		HideSolutionNode = FALSE
	EndGlobalSection
EndGlobal
